{
	"name": "real-js-ecs-bench",
	"version": "1.0.0",
	"lockfileVersion": 2,
	"requires": true,
	"packages": {
		"": {
			"name": "real-js-ecs-bench",
			"version": "1.0.0",
			"license": "ISC",
			"dependencies": {
				"picoes": "^1.1.0-rc0",
				"systeminformation": "^5.11.0"
			}
		},
		"node_modules/picoes": {
			"version": "1.1.0-rc0",
			"license": "MIT"
		},
		"node_modules/systeminformation": {
			"version": "5.11.0",
			"resolved": "https://registry.npmjs.org/systeminformation/-/systeminformation-5.11.0.tgz",
			"integrity": "sha512-mI/5nFK7NUe9Qbmy65WoB5TlCWKAhP4kG0w6uR2mZM8Mpdi8b45b3hTIK3W5+kQYZnYFWeS9/O5nn5rdcSvqfA==",
			"os": [
				"darwin",
				"linux",
				"win32",
				"freebsd",
				"openbsd",
				"netbsd",
				"sunos",
				"android"
			],
			"bin": {
				"systeminformation": "lib/cli.js"
			},
			"engines": {
				"node": ">=8.0.0"
			},
			"funding": {
				"type": "Buy me a coffee",
				"url": "https://www.buymeacoffee.com/systeminfo"
			}
		}
	},
	"dependencies": {
		"picoes": {
			"version": "1.1.0-rc0"
		},
		"systeminformation": {
			"version": "5.11.0",
			"resolved": "https://registry.npmjs.org/systeminformation/-/systeminformation-5.11.0.tgz",
			"integrity": "sha512-mI/5nFK7NUe9Qbmy65WoB5TlCWKAhP4kG0w6uR2mZM8Mpdi8b45b3hTIK3W5+kQYZnYFWeS9/O5nn5rdcSvqfA=="
		}
	}
}
