{
	"name": "real-js-ecs-bench",
	"version": "1.0.0",
	"lockfileVersion": 2,
	"requires": true,
	"packages": {
		"": {
			"name": "real-js-ecs-bench",
			"version": "1.0.0",
			"license": "ISC",
			"dependencies": {
				"picoes": "^1.1.0-rc0"
			}
		},
		"node_modules/picoes": {
			"version": "1.1.0-rc0",
			"license": "MIT"
		}
	},
	"dependencies": {
		"picoes": {
			"version": "1.1.0-rc0"
		}
	}
}
